{
  "name": "day1",
  "version": "0.0.1",
  "lockfileVersion": 1,
  "requires": true,
  "dependencies": {
    "adler-32": {
      "version": "1.1.0",
      "resolved": "https://registry.npmjs.org/adler-32/-/adler-32-1.1.0.tgz",
      "integrity": "sha1-A1UaXH8O371PyPoSpoFJeOq2UcM=",
      "requires": {
        "exit-on-epipe": "1.0.1",
        "printj": "1.1.0"
      }
    },
    "cfb": {
      "version": "0.13.2",
      "resolved": "https://registry.npmjs.org/cfb/-/cfb-0.13.2.tgz",
      "integrity": "sha512-fn3HqoRFh2qJrU6F5iJh/npunXjSO7jSWmfo9QjQAUAuFXfowWKf46QNlPuN1uZodODHEWqc5M/Tf+wuyg9juQ==",
      "requires": {
        "commander": "2.11.0",
        "printj": "1.1.0"
      }
    },
    "codepage": {
      "version": "1.11.0",
      "resolved": "https://registry.npmjs.org/codepage/-/codepage-1.11.0.tgz",
      "integrity": "sha1-EHYJW58DtcoE9Dhz+hpid0IoXeI=",
      "requires": {
        "commander": "2.11.0",
        "exit-on-epipe": "1.0.1",
        "voc": "1.0.0"
      }
    },
    "commander": {
      "version": "2.11.0",
      "resolved": "https://registry.npmjs.org/commander/-/commander-2.11.0.tgz",
      "integrity": "sha512-b0553uYA5YAEGgyYIGYROzKQ7X5RAqedkfjiZxwi0kL1g3bOaBNNZfYkzt/CL0umgD5wc9Jec2FbB98CjkMRvQ=="
    },
    "crc-32": {
      "version": "1.1.1",
      "resolved": "https://registry.npmjs.org/crc-32/-/crc-32-1.1.1.tgz",
      "integrity": "sha1-XXOdXkxuNSrYME1zIj1IP+Va240=",
      "requires": {
        "exit-on-epipe": "1.0.1",
        "printj": "1.1.0"
      }
    },
    "exit-on-epipe": {
      "version": "1.0.1",
      "resolved": "https://registry.npmjs.org/exit-on-epipe/-/exit-on-epipe-1.0.1.tgz",
      "integrity": "sha512-h2z5mrROTxce56S+pnvAV890uu7ls7f1kEvVGJbw1OlFH3/mlJ5bkXu0KRyW94v37zzHPiUd55iLn3DA7TjWpw=="
    },
    "frac": {
      "version": "1.1.0",
      "resolved": "https://registry.npmjs.org/frac/-/frac-1.1.0.tgz",
      "integrity": "sha1-3EN+nGpka2CxJ9gqxJAkZERcweM=",
      "requires": {
        "voc": "1.0.0"
      }
    },
    "keypress": {
      "version": "0.1.0",
      "resolved": "https://registry.npmjs.org/keypress/-/keypress-0.1.0.tgz",
      "integrity": "sha1-SjGI1CkbZrT2XtuZ+AaqmuKTWSo="
    },
    "node-xlsx": {
      "version": "0.11.0",
      "resolved": "https://registry.npmjs.org/node-xlsx/-/node-xlsx-0.11.0.tgz",
      "integrity": "sha1-a82DVVWkqEdQjqoHA0SqyOfnidU=",
      "requires": {
        "xlsx": "0.11.7"
      }
    },
    "nzh": {
      "version": "1.0.1",
      "resolved": "https://registry.npmjs.org/nzh/-/nzh-1.0.1.tgz",
      "integrity": "sha1-erwJLvTtrpQ7zK3ORR8MWFG/zoE="
    },
    "object-assign": {
      "version": "4.1.1",
      "resolved": "https://registry.npmjs.org/object-assign/-/object-assign-4.1.1.tgz",
      "integrity": "sha1-IQmtx5ZYh8/AXLvUQsrIv7s2CGM="
    },
    "pinyin": {
      "version": "2.8.3",
      "resolved": "https://registry.npmjs.org/pinyin/-/pinyin-2.8.3.tgz",
      "integrity": "sha1-MBzLQ1jM/oAlI8S9ZAphK+5NfEs=",
      "requires": {
        "commander": "1.1.1",
        "object-assign": "4.1.1"
      },
      "dependencies": {
        "commander": {
          "version": "1.1.1",
          "resolved": "https://registry.npmjs.org/commander/-/commander-1.1.1.tgz",
          "integrity": "sha1-UNFlGGiuYOzP8KLZ80WVN2vGsEE=",
          "requires": {
            "keypress": "0.1.0"
          }
        }
      }
    },
    "printj": {
      "version": "1.1.0",
      "resolved": "https://registry.npmjs.org/printj/-/printj-1.1.0.tgz",
      "integrity": "sha512-NbiNBOQ0GioHyeD3ni8wZB7ZmfU7mxIrqhWR5XSreX3rUVvk5UOwpzxOnWqrLdCtoBbdQ40sEwC+nXxxjlUo0A=="
    },
    "solarlunar": {
      "version": "2.0.1",
      "resolved": "https://registry.npmjs.org/solarlunar/-/solarlunar-2.0.1.tgz",
      "integrity": "sha512-QZAOJ8Z8ScIgOYeBpEC2DcIYdj0kx/nUfYfD5t+tisAyYbAEKA7irE7XwjLjzwGwzr/+mCuqBjCJ+nJmlhEk/g=="
    },
    "ssf": {
      "version": "0.10.1",
      "resolved": "https://registry.npmjs.org/ssf/-/ssf-0.10.1.tgz",
      "integrity": "sha1-8j2CtjeS71YIkInBzQyEjpEc26Y=",
      "requires": {
        "frac": "1.1.0"
      }
    },
    "voc": {
      "version": "1.0.0",
      "resolved": "https://registry.npmjs.org/voc/-/voc-1.0.0.tgz",
      "integrity": "sha512-mQwxWlK+zosxxDTqiFb9ZQBNgd794scgkhVwca7h9sEhvA52f3VzbOK+TOWeS8eSrFXnfuKrxElSPc5oLAetfw=="
    },
    "xlsx": {
      "version": "0.11.7",
      "resolved": "https://registry.npmjs.org/xlsx/-/xlsx-0.11.7.tgz",
      "integrity": "sha1-+xzrdxVAk8hxnS3FbDot5HY0u68=",
      "requires": {
        "adler-32": "1.1.0",
        "cfb": "0.13.2",
        "codepage": "1.11.0",
        "commander": "2.11.0",
        "crc-32": "1.1.1",
        "exit-on-epipe": "1.0.1",
        "ssf": "0.10.1"
      }
    }
  }
}
